{
  "name": "website-GNC",
  "lockfileVersion": 2,
  "requires": true,
  "packages": {
    "": {
      "dependencies": {
        "missing": "^0.0.1"
      }
    },
    "node_modules/missing": {
      "version": "0.0.1",
      "resolved": "https://registry.npmjs.org/missing/-/missing-0.0.1.tgz",
      "integrity": "sha512-bFF/7WSdAqe/jx3NVEvCkLJwaYH58alBguvni6csDANEPbcyEVRo69XwWv1dGQhsU1owC243VO6RgqH4E4nr3w==",
      "deprecated": "Please look into using npm-ls instead - https://www.npmjs.org/doc/cli/npm-ls.html",
      "bin": {
        "missing": "bin/cli.js"
      }
    }
  },
  "dependencies": {
    "missing": {
      "version": "0.0.1",
      "resolved": "https://registry.npmjs.org/missing/-/missing-0.0.1.tgz",
      "integrity": "sha512-bFF/7WSdAqe/jx3NVEvCkLJwaYH58alBguvni6csDANEPbcyEVRo69XwWv1dGQhsU1owC243VO6RgqH4E4nr3w=="
    }
  }
}
